# This file is autogenerated, do not edit; changes may be undone by the next 'dep ensure'.


[[projects]]
  digest = "1:cbec35fe4d5a4fba369a656a8cd65e244ea2c743007d8f6c1ccb132acf9d1296"
  name = "github.com/gorilla/mux"
  packages = ["."]
  pruneopts = "UT"
  revision = "00bdffe0f3c77e27d2cf6f5c70232a2d3e4d9c15"
  version = "v1.7.3"

[[projects]]
  digest = "1:da6718abe4d47b1132d98bf3f9b18e302d537bf6daf02bd40804d9295a3f32bd"
  name = "github.com/jinzhu/gorm"
  packages = [
    ".",
    "dialects/postgres",
  ]
  pruneopts = "UT"
  revision = "836fb2c19d84dac7b0272958dfb9af7cf0d0ade4"
  version = "v1.9.10"

[[projects]]
  digest = "1:01ed62f8f4f574d8aff1d88caee113700a2b44c42351943fa73cc1808f736a50"
  name = "github.com/jinzhu/inflection"
  packages = ["."]
  pruneopts = "UT"
  revision = "f5c5f50e6090ae76a29240b61ae2a90dd810112e"
  version = "v1.0.0"

[[projects]]
  digest = "1:0e06e487551e2f9e0d6967a15c42223354e37c2e9869b301b14a42e4b51ea3e0"
  name = "github.com/lib/pq"
  packages = [
    ".",
    "hstore",
    "oid",
    "scram",
  ]
  pruneopts = "UT"
  revision = "bc6a3c0594130b1e34005880bc600b6d3f49fa7f"
  version = "v1.1.1"

[[projects]]
  digest = "1:b0c25f00bad20d783d259af2af8666969e2fc343fa0dc9efe52936bbd67fb758"
  name = "github.com/rs/cors"
  packages = ["."]
  pruneopts = "UT"
  revision = "9a47f48565a795472d43519dd49aac781f3034fb"
  version = "v1.6.0"

[solve-meta]
  analyzer-name = "dep"
  analyzer-version = 1
  input-imports = [
    "github.com/gorilla/mux",
    "github.com/jinzhu/gorm",
    "github.com/jinzhu/gorm/dialects/postgres",
    "github.com/lib/pq",
    "github.com/rs/cors",
  ]
  solver-name = "gps-cdcl"
  solver-version = 1
